
Microsoft Visual Studio Solution File, Format Version 12.00
# Visual Studio Version 16
VisualStudioVersion = 16.0.31911.196
MinimumVisualStudioVersion = 10.0.40219.1
Project("{9A19103F-16F7-4668-BE54-9A1E7A4F7556}") = "ProjectManagement", "ProjectManagement.csproj", "{152049E3-7344-435E-9B06-AEFA516F68C2}"
EndProject
Project("{9A19103F-16F7-4668-BE54-9A1E7A4F7556}") = "ProjectManagementBusiness", "..\ProjectManagementBusiness\ProjectManagementBusiness.csproj", "{8B613A84-E9AC-4E46-80CF-C0DF12AF41F6}"
EndProject
Project("{9A19103F-16F7-4668-BE54-9A1E7A4F7556}") = "ProjectManagementRepository", "..\ProjectManagementRepository\ProjectManagementRepository.csproj", "{EA5E1E0F-218E-46AD-B1C3-6AF894BB7C20}"
EndProject
Project("{FAE04EC0-301F-11D3-BF4B-00C04F79EFBC}") = "ProjectManagementTestSuite", "..\ProjectManagementTestSuite\ProjectManagementTestSuite.csproj", "{33A76173-C8D1-48EF-A27F-1757157556E8}"
EndProject
Global
	GlobalSection(SolutionConfigurationPlatforms) = preSolution
		Debug|Any CPU = Debug|Any CPU
		Release|Any CPU = Release|Any CPU
	EndGlobalSection
	GlobalSection(ProjectConfigurationPlatforms) = postSolution
		{152049E3-7344-435E-9B06-AEFA516F68C2}.Debug|Any CPU.ActiveCfg = Debug|Any CPU
		{152049E3-7344-435E-9B06-AEFA516F68C2}.Debug|Any CPU.Build.0 = Debug|Any CPU
		{152049E3-7344-435E-9B06-AEFA516F68C2}.Release|Any CPU.ActiveCfg = Release|Any CPU
		{152049E3-7344-435E-9B06-AEFA516F68C2}.Release|Any CPU.Build.0 = Release|Any CPU
		{8B613A84-E9AC-4E46-80CF-C0DF12AF41F6}.Debug|Any CPU.ActiveCfg = Debug|Any CPU
		{8B613A84-E9AC-4E46-80CF-C0DF12AF41F6}.Debug|Any CPU.Build.0 = Debug|Any CPU
		{8B613A84-E9AC-4E46-80CF-C0DF12AF41F6}.Release|Any CPU.ActiveCfg = Release|Any CPU
		{8B613A84-E9AC-4E46-80CF-C0DF12AF41F6}.Release|Any CPU.Build.0 = Release|Any CPU
		{EA5E1E0F-218E-46AD-B1C3-6AF894BB7C20}.Debug|Any CPU.ActiveCfg = Debug|Any CPU
		{EA5E1E0F-218E-46AD-B1C3-6AF894BB7C20}.Debug|Any CPU.Build.0 = Debug|Any CPU
		{EA5E1E0F-218E-46AD-B1C3-6AF894BB7C20}.Release|Any CPU.ActiveCfg = Release|Any CPU
		{EA5E1E0F-218E-46AD-B1C3-6AF894BB7C20}.Release|Any CPU.Build.0 = Release|Any CPU
		{33A76173-C8D1-48EF-A27F-1757157556E8}.Debug|Any CPU.ActiveCfg = Debug|Any CPU
		{33A76173-C8D1-48EF-A27F-1757157556E8}.Debug|Any CPU.Build.0 = Debug|Any CPU
		{33A76173-C8D1-48EF-A27F-1757157556E8}.Release|Any CPU.ActiveCfg = Release|Any CPU
		{33A76173-C8D1-48EF-A27F-1757157556E8}.Release|Any CPU.Build.0 = Release|Any CPU
	EndGlobalSection
	GlobalSection(SolutionProperties) = preSolution
		HideSolutionNode = FALSE
	EndGlobalSection
	GlobalSection(ExtensibilityGlobals) = postSolution
		SolutionGuid = {4A16B0DD-CD41-426E-B3B1-4A004383539A}
	EndGlobalSection
EndGlobal
